// !$*UTF8*$!
{
	archiveVersion = 1;
	classes = {
	};
	objectVersion = 50;
	objects = {

/* Begin PBXBuildFile section */
		621F1C78233B583100B0D2F5 /* AppDelegate.swift in Sources */ = {isa = PBXBuildFile; fileRef = 621F1C77233B583100B0D2F5 /* AppDelegate.swift */; };
		621F1C7A233B583100B0D2F5 /* SceneDelegate.swift in Sources */ = {isa = PBXBuildFile; fileRef = 621F1C79233B583100B0D2F5 /* SceneDelegate.swift */; };
		621F1C7C233B583100B0D2F5 /* ViewController.swift in Sources */ = {isa = PBXBuildFile; fileRef = 621F1C7B233B583100B0D2F5 /* ViewController.swift */; };
		621F1C7F233B583100B0D2F5 /* Main.storyboard in Resources */ = {isa = PBXBuildFile; fileRef = 621F1C7D233B583100B0D2F5 /* Main.storyboard */; };
		621F1C82233B583100B0D2F5 /* EOS_Standards.xcdatamodeld in Sources */ = {isa = PBXBuildFile; fileRef = 621F1C80233B583100B0D2F5 /* EOS_Standards.xcdatamodeld */; };
		621F1C84233B583400B0D2F5 /* Assets.xcassets in Resources */ = {isa = PBXBuildFile; fileRef = 621F1C83233B583400B0D2F5 /* Assets.xcassets */; };
		621F1C87233B583400B0D2F5 /* LaunchScreen.storyboard in Resources */ = {isa = PBXBuildFile; fileRef = 621F1C85233B583400B0D2F5 /* LaunchScreen.storyboard */; };
/* End PBXBuildFile section */

/* Begin PBXFileReference section */
		621F1C74233B583100B0D2F5 /* EOS Standards.app */ = {isa = PBXFileReference; explicitFileType = wrapper.application; includeInIndex = 0; path = "EOS Standards.app"; sourceTree = BUILT_PRODUCTS_DIR; };
		621F1C77233B583100B0D2F5 /* AppDelegate.swift */ = {isa = PBXFileReference; lastKnownFileType = sourcecode.swift; path = AppDelegate.swift; sourceTree = "<group>"; };
		621F1C79233B583100B0D2F5 /* SceneDelegate.swift */ = {isa = PBXFileReference; lastKnownFileType = sourcecode.swift; path = SceneDelegate.swift; sourceTree = "<group>"; };
		621F1C7B233B583100B0D2F5 /* ViewController.swift */ = {isa = PBXFileReference; lastKnownFileType = sourcecode.swift; path = ViewController.swift; sourceTree = "<group>"; };
		621F1C7E233B583100B0D2F5 /* Base */ = {isa = PBXFileReference; lastKnownFileType = file.storyboard; name = Base; path = Base.lproj/Main.storyboard; sourceTree = "<group>"; };
		621F1C81233B583100B0D2F5 /* EOS_Standards.xcdatamodel */ = {isa = PBXFileReference; lastKnownFileType = wrapper.xcdatamodel; path = EOS_Standards.xcdatamodel; sourceTree = "<group>"; };
		621F1C83233B583400B0D2F5 /* Assets.xcassets */ = {isa = PBXFileReference; lastKnownFileType = folder.assetcatalog; path = Assets.xcassets; sourceTree = "<group>"; };
		621F1C86233B583400B0D2F5 /* Base */ = {isa = PBXFileReference; lastKnownFileType = file.storyboard; name = Base; path = Base.lproj/LaunchScreen.storyboard; sourceTree = "<group>"; };
		621F1C88233B583400B0D2F5 /* Info.plist */ = {isa = PBXFileReference; lastKnownFileType = text.plist.xml; path = Info.plist; sourceTree = "<group>"; };
/* End PBXFileReference section */

/* Begin PBXFrameworksBuildPhase section */
		621F1C71233B583000B0D2F5 /* Frameworks */ = {
			isa = PBXFrameworksBuildPhase;
			buildActionMask = 2147483647;
			files = (
			);
			runOnlyForDeploymentPostprocessing = 0;
		};
/* End PBXFrameworksBuildPhase section */

/* Begin PBXGroup section */
		621F1C6B233B583000B0D2F5 = {
			isa = PBXGroup;
			children = (
				621F1C76233B583100B0D2F5 /* EOS Standards */,
				621F1C75233B583100B0D2F5 /* Products */,
			);
			sourceTree = "<group>";
		};
		621F1C75233B583100B0D2F5 /* Products */ = {
			isa = PBXGroup;
			children = (
				621F1C74233B583100B0D2F5 /* EOS Standards.app */,
			);
			name = Products;
			sourceTree = "<group>";
		};
		621F1C76233B583100B0D2F5 /* EOS Standards */ = {
			isa = PBXGroup;
			children = (
				621F1C77233B583100B0D2F5 /* AppDelegate.swift */,
				621F1C79233B583100B0D2F5 /* SceneDelegate.swift */,
				621F1C7B233B583100B0D2F5 /* ViewController.swift */,
				621F1C7D233B583100B0D2F5 /* Main.storyboard */,
				621F1C83233B583400B0D2F5 /* Assets.xcassets */,
				621F1C85233B583400B0D2F5 /* LaunchScreen.storyboard */,
				621F1C88233B583400B0D2F5 /* Info.plist */,
				621F1C80233B583100B0D2F5 /* EOS_Standards.xcdatamodeld */,
			);
			path = "EOS Standards";
			sourceTree = "<group>";
		};
/* End PBXGroup section */

/* Begin PBXNativeTarget section */
		621F1C73233B583000B0D2F5 /* EOS Standards */ = {
			isa = PBXNativeTarget;
			buildConfigurationList = 621F1C8B233B583400B0D2F5 /* Build configuration list for PBXNativeTarget "EOS Standards" */;
			buildPhases = (
				621F1C70233B583000B0D2F5 /* Sources */,
				621F1C71233B583000B0D2F5 /* Frameworks */,
				621F1C72233B583000B0D2F5 /* Resources */,
			);
			buildRules = (
			);
			dependencies = (
			);
			name = "EOS Standards";
			productName = "EOS Standards";
			productReference = 621F1C74233B583100B0D2F5 /* EOS Standards.app */;
			productType = "com.apple.product-type.application";
		};
/* End PBXNativeTarget section */

/* Begin PBXProject section */
		621F1C6C233B583000B0D2F5 /* Project object */ = {
			isa = PBXProject;
			attributes = {
				LastSwiftUpdateCheck = 1100;
				LastUpgradeCheck = 1100;
				ORGANIZATIONNAME = "Gareth Collins";
				TargetAttributes = {
					621F1C73233B583000B0D2F5 = {
						CreatedOnToolsVersion = 11.0;
					};
				};
			};
			buildConfigurationList = 621F1C6F233B583000B0D2F5 /* Build configuration list for PBXProject "EOS Standards" */;
			compatibilityVersion = "Xcode 9.3";
			developmentRegion = en;
			hasScannedForEncodings = 0;
			knownRegions = (
				en,
				Base,
			);
			mainGroup = 621F1C6B233B583000B0D2F5;
			productRefGroup = 621F1C75233B583100B0D2F5 /* Products */;
			projectDirPath = "";
			projectRoot = "";
			targets = (
				621F1C73233B583000B0D2F5 /* EOS Standards */,
			);
		};
/* End PBXProject section */

/* Begin PBXResourcesBuildPhase section */
		621F1C72233B583000B0D2F5 /* Resources */ = {
			isa = PBXResourcesBuildPhase;
			buildActionMask = 2147483647;
			files = (
				621F1C87233B583400B0D2F5 /* LaunchScreen.storyboard in Resources */,
				621F1C84233B583400B0D2F5 /* Assets.xcassets in Resources */,
				621F1C7F233B583100B0D2F5 /* Main.storyboard in Resources */,
			);
			runOnlyForDeploymentPostprocessing = 0;
		};
/* End PBXResourcesBuildPhase section */

/* Begin PBXSourcesBuildPhase section */
		621F1C70233B583000B0D2F5 /* Sources */ = {
			isa = PBXSourcesBuildPhase;
			buildActionMask = 2147483647;
			files = (
				621F1C82233B583100B0D2F5 /* EOS_Standards.xcdatamodeld in Sources */,
				621F1C7C233B583100B0D2F5 /* ViewController.swift in Sources */,
				621F1C78233B583100B0D2F5 /* AppDelegate.swift in Sources */,
				621F1C7A233B583100B0D2F5 /* SceneDelegate.swift in Sources */,
			);
			runOnlyForDeploymentPostprocessing = 0;
		};
/* End PBXSourcesBuildPhase section */

/* Begin PBXVariantGroup section */
		621F1C7D233B583100B0D2F5 /* Main.storyboard */ = {
			isa = PBXVariantGroup;
			children = (
				621F1C7E233B583100B0D2F5 /* Base */,
			);
			name = Main.storyboard;
			sourceTree = "<group>";
		};
		621F1C85233B583400B0D2F5 /* LaunchScreen.storyboard */ = {
			isa = PBXVariantGroup;
			children = (
				621F1C86233B583400B0D2F5 /* Base */,
			);
			name = LaunchScreen.storyboard;
			sourceTree = "<group>";
		};
/* End PBXVariantGroup section */

/* Begin XCBuildConfiguration section */
		621F1C89233B583400B0D2F5 /* Debug */ = {
			isa = XCBuildConfiguration;
			buildSettings = {
				ALWAYS_SEARCH_USER_PATHS = NO;
				CLANG_ANALYZER_NONNULL = YES;
				CLANG_ANALYZER_NUMBER_OBJECT_CONVERSION = YES_AGGRESSIVE;
				CLANG_CXX_LANGUAGE_STANDARD = "gnu++14";
				CLANG_CXX_LIBRARY = "libc++";
				CLANG_ENABLE_MODULES = YES;
				CLANG_ENABLE_OBJC_ARC = YES;
				CLANG_ENABLE_OBJC_WEAK = YES;
				CLANG_WARN_BLOCK_CAPTURE_AUTORELEASING = YES;
				CLANG_WARN_BOOL_CONVERSION = YES;
				CLANG_WARN_COMMA = YES;
				CLANG_WARN_CONSTANT_CONVERSION = YES;
				CLANG_WARN_DEPRECATED_OBJC_IMPLEMENTATIONS = YES;
				CLANG_WARN_DIRECT_OBJC_ISA_USAGE = YES_ERROR;
				CLANG_WARN_DOCUMENTATION_COMMENTS = YES;
				CLANG_WARN_EMPTY_BODY = YES;
				CLANG_WARN_ENUM_CONVERSION = YES;
				CLANG_WARN_INFINITE_RECURSION = YES;
				CLANG_WARN_INT_CONVERSION = YES;
				CLANG_WARN_NON_LITERAL_NULL_CONVERSION = YES;
				CLANG_WARN_OBJC_IMPLICIT_RETAIN_SELF = YES;
				CLANG_WARN_OBJC_LITERAL_CONVERSION = YES;
				CLANG_WARN_OBJC_ROOT_CLASS = YES_ERROR;
				CLANG_WARN_RANGE_LOOP_ANALYSIS = YES;
				CLANG_WARN_STRICT_PROTOTYPES = YES;
				CLANG_WARN_SUSPICIOUS_MOVE = YES;
				CLANG_WARN_UNGUARDED_AVAILABILITY = YES_AGGRESSIVE;
				CLANG_WARN_UNREACHABLE_CODE = YES;
				CLANG_WARN__DUPLICATE_METHOD_MATCH = YES;
				COPY_PHASE_STRIP = NO;
				DEBUG_INFORMATION_FORMAT = dwarf;
				ENABLE_STRICT_OBJC_MSGSEND = YES;
				ENABLE_TESTABILITY = YES;
				GCC_C_LANGUAGE_STANDARD = gnu11;
				GCC_DYNAMIC_NO_PIC = NO;
				GCC_NO_COMMON_BLOCKS = YES;
				GCC_OPTIMIZATION_LEVEL = 0;
				GCC_PREPROCESSOR_DEFINITIONS = (
					"DEBUG=1",
					"$(inherited)",
				);
				GCC_WARN_64_TO_32_BIT_CONVERSION = YES;
				GCC_WARN_ABOUT_RETURN_TYPE = YES_ERROR;
				GCC_WARN_UNDECLARED_SELECTOR = YES;
				GCC_WARN_UNINITIALIZED_AUTOS = YES_AGGRESSIVE;
				GCC_WARN_UNUSED_FUNCTION = YES;
				GCC_WARN_UNUSED_VARIABLE = YES;
				IPHONEOS_DEPLOYMENT_TARGET = 13.0;
				MTL_ENABLE_DEBUG_INFO = INCLUDE_SOURCE;
				MTL_FAST_MATH = YES;
				ONLY_ACTIVE_ARCH = YES;
				SDKROOT = iphoneos;
				SWIFT_ACTIVE_COMPILATION_CONDITIONS = DEBUG;
				SWIFT_OPTIMIZATION_LEVEL = "-Onone";
			};
			name = Debug;
		};
		621F1C8A233B583400B0D2F5 /* Release */ = {
			isa = XCBuildConfiguration;
			buildSettings = {
				ALWAYS_SEARCH_USER_PATHS = NO;
				CLANG_ANALYZER_NONNULL = YES;
				CLANG_ANALYZER_NUMBER_OBJECT_CONVERSION = YES_AGGRESSIVE;
				CLANG_CXX_LANGUAGE_STANDARD = "gnu++14";
				CLANG_CXX_LIBRARY = "libc++";
				CLANG_ENABLE_MODULES = YES;
				CLANG_ENABLE_OBJC_ARC = YES;
				CLANG_ENABLE_OBJC_WEAK = YES;
				CLANG_WARN_BLOCK_CAPTURE_AUTORELEASING = YES;
				CLANG_WARN_BOOL_CONVERSION = YES;
				CLANG_WARN_COMMA = YES;
				CLANG_WARN_CONSTANT_CONVERSION = YES;
				CLANG_WARN_DEPRECATED_OBJC_IMPLEMENTATIONS = YES;
				CLANG_WARN_DIRECT_OBJC_ISA_USAGE = YES_ERROR;
				CLANG_WARN_DOCUMENTATION_COMMENTS = YES;
				CLANG_WARN_EMPTY_BODY = YES;
				CLANG_WARN_ENUM_CONVERSION = YES;
				CLANG_WARN_INFINITE_RECURSION = YES;
				CLANG_WARN_INT_CONVERSION = YES;
				CLANG_WARN_NON_LITERAL_NULL_CONVERSION = YES;
				CLANG_WARN_OBJC_IMPLICIT_RETAIN_SELF = YES;
				CLANG_WARN_OBJC_LITERAL_CONVERSION = YES;
				CLANG_WARN_OBJC_ROOT_CLASS = YES_ERROR;
				CLANG_WARN_RANGE_LOOP_ANALYSIS = YES;
				CLANG_WARN_STRICT_PROTOTYPES = YES;
				CLANG_WARN_SUSPICIOUS_MOVE = YES;
				CLANG_WARN_UNGUARDED_AVAILABILITY = YES_AGGRESSIVE;
				CLANG_WARN_UNREACHABLE_CODE = YES;
				CLANG_WARN__DUPLICATE_METHOD_MATCH = YES;
				COPY_PHASE_STRIP = NO;
				DEBUG_INFORMATION_FORMAT = "dwarf-with-dsym";
				ENABLE_NS_ASSERTIONS = NO;
				ENABLE_STRICT_OBJC_MSGSEND = YES;
				GCC_C_LANGUAGE_STANDARD = gnu11;
				GCC_NO_COMMON_BLOCKS = YES;
				GCC_WARN_64_TO_32_BIT_CONVERSION = YES;
				GCC_WARN_ABOUT_RETURN_TYPE = YES_ERROR;
				GCC_WARN_UNDECLARED_SELECTOR = YES;
				GCC_WARN_UNINITIALIZED_AUTOS = YES_AGGRESSIVE;
				GCC_WARN_UNUSED_FUNCTION = YES;
				GCC_WARN_UNUSED_VARIABLE = YES;
				IPHONEOS_DEPLOYMENT_TARGET = 13.0;
				MTL_ENABLE_DEBUG_INFO = NO;
				MTL_FAST_MATH = YES;
				SDKROOT = iphoneos;
				SWIFT_COMPILATION_MODE = wholemodule;
				SWIFT_OPTIMIZATION_LEVEL = "-O";
				VALIDATE_PRODUCT = YES;
			};
			name = Release;
		};
		621F1C8C233B583400B0D2F5 /* Debug */ = {
			isa = XCBuildConfiguration;
			buildSettings = {
				ASSETCATALOG_COMPILER_APPICON_NAME = AppIcon;
				CODE_SIGN_STYLE = Automatic;
				DEVELOPMENT_TEAM = JNXD3RZ8DN;
				INFOPLIST_FILE = "EOS Standards/Info.plist";
				LD_RUNPATH_SEARCH_PATHS = (
					"$(inherited)",
					"@executable_path/Frameworks",
				);
				PRODUCT_BUNDLE_IDENTIFIER = "EOS.EOS-Standards";
				PRODUCT_NAME = "$(TARGET_NAME)";
				SWIFT_VERSION = 5.0;
				TARGETED_DEVICE_FAMILY = "1,2";
			};
			name = Debug;
		};
		621F1C8D233B583400B0D2F5 /* Release */ = {
			isa = XCBuildConfiguration;
			buildSettings = {
				ASSETCATALOG_COMPILER_APPICON_NAME = AppIcon;
				CODE_SIGN_STYLE = Automatic;
				DEVELOPMENT_TEAM = JNXD3RZ8DN;
				INFOPLIST_FILE = "EOS Standards/Info.plist";
				LD_RUNPATH_SEARCH_PATHS = (
					"$(inherited)",
					"@executable_path/Frameworks",
				);
				PRODUCT_BUNDLE_IDENTIFIER = "EOS.EOS-Standards";
				PRODUCT_NAME = "$(TARGET_NAME)";
				SWIFT_VERSION = 5.0;
				TARGETED_DEVICE_FAMILY = "1,2";
			};
			name = Release;
		};
/* End XCBuildConfiguration section */

/* Begin XCConfigurationList section */
		621F1C6F233B583000B0D2F5 /* Build configuration list for PBXProject "EOS Standards" */ = {
			isa = XCConfigurationList;
			buildConfigurations = (
				621F1C89233B583400B0D2F5 /* Debug */,
				621F1C8A233B583400B0D2F5 /* Release */,
			);
			defaultConfigurationIsVisible = 0;
			defaultConfigurationName = Release;
		};
		621F1C8B233B583400B0D2F5 /* Build configuration list for PBXNativeTarget "EOS Standards" */ = {
			isa = XCConfigurationList;
			buildConfigurations = (
				621F1C8C233B583400B0D2F5 /* Debug */,
				621F1C8D233B583400B0D2F5 /* Release */,
			);
			defaultConfigurationIsVisible = 0;
			defaultConfigurationName = Release;
		};
/* End XCConfigurationList section */

/* Begin XCVersionGroup section */
		621F1C80233B583100B0D2F5 /* EOS_Standards.xcdatamodeld */ = {
			isa = XCVersionGroup;
			children = (
				621F1C81233B583100B0D2F5 /* EOS_Standards.xcdatamodel */,
			);
			currentVersion = 621F1C81233B583100B0D2F5 /* EOS_Standards.xcdatamodel */;
			path = EOS_Standards.xcdatamodeld;
			sourceTree = "<group>";
			versionGroupType = wrapper.xcdatamodel;
		};
/* End XCVersionGroup section */
	};
	rootObject = 621F1C6C233B583000B0D2F5 /* Project object */;
}
