// !$*UTF8*$!
{
	archiveVersion = 1;
	classes = {
	};
	objectVersion = 51;
	objects = {

/* Begin PBXBuildFile section */
		6218D9BF2386A294003772A1 /* cardViewController.swift in Sources */ = {isa = PBXBuildFile; fileRef = 6218D9BE2386A294003772A1 /* cardViewController.swift */; };
		621F1C78233B583100B0D2F5 /* AppDelegate.swift in Sources */ = {isa = PBXBuildFile; fileRef = 621F1C77233B583100B0D2F5 /* AppDelegate.swift */; };
		621F1C7A233B583100B0D2F5 /* SceneDelegate.swift in Sources */ = {isa = PBXBuildFile; fileRef = 621F1C79233B583100B0D2F5 /* SceneDelegate.swift */; };
		621F1C7C233B583100B0D2F5 /* ViewController.swift in Sources */ = {isa = PBXBuildFile; fileRef = 621F1C7B233B583100B0D2F5 /* ViewController.swift */; };
		621F1C7F233B583100B0D2F5 /* Main.storyboard in Resources */ = {isa = PBXBuildFile; fileRef = 621F1C7D233B583100B0D2F5 /* Main.storyboard */; };
		621F1C82233B583100B0D2F5 /* EOS_Standards.xcdatamodeld in Sources */ = {isa = PBXBuildFile; fileRef = 621F1C80233B583100B0D2F5 /* EOS_Standards.xcdatamodeld */; };
		621F1C84233B583400B0D2F5 /* Assets.xcassets in Resources */ = {isa = PBXBuildFile; fileRef = 621F1C83233B583400B0D2F5 /* Assets.xcassets */; };
		621F1C87233B583400B0D2F5 /* LaunchScreen.storyboard in Resources */ = {isa = PBXBuildFile; fileRef = 621F1C85233B583400B0D2F5 /* LaunchScreen.storyboard */; };
		621F1C92233B62B100B0D2F5 /* GoogleService-Info.plist in Resources */ = {isa = PBXBuildFile; fileRef = 621F1C91233B62B100B0D2F5 /* GoogleService-Info.plist */; };
		621F1C95233B656200B0D2F5 /* LogInViewController.swift in Sources */ = {isa = PBXBuildFile; fileRef = 621F1C94233B656200B0D2F5 /* LogInViewController.swift */; };
		621F1C97233B69C300B0D2F5 /* registerViewController.swift in Sources */ = {isa = PBXBuildFile; fileRef = 621F1C96233B69C300B0D2F5 /* registerViewController.swift */; };
		621F1C9A233B6D4C00B0D2F5 /* furnitureViewController.swift in Sources */ = {isa = PBXBuildFile; fileRef = 621F1C99233B6D4C00B0D2F5 /* furnitureViewController.swift */; };
		621F1CA3233B792700B0D2F5 /* DetailFurnitureViewController.swift in Sources */ = {isa = PBXBuildFile; fileRef = 621F1CA2233B792700B0D2F5 /* DetailFurnitureViewController.swift */; };
		624E9FE72386962B002D207F /* DoneViewController.swift in Sources */ = {isa = PBXBuildFile; fileRef = 624E9FE62386962A002D207F /* DoneViewController.swift */; };
		DD35F13C6ACC91AADA55F5F0 /* Pods_EOS_Standards.framework in Frameworks */ = {isa = PBXBuildFile; fileRef = B18E07F079163B41C1946F2C /* Pods_EOS_Standards.framework */; };
/* End PBXBuildFile section */

/* Begin PBXFileReference section */
		2ACB19B16EC6C9CE76E14C1F /* Pods-EOS Standards.debug.xcconfig */ = {isa = PBXFileReference; includeInIndex = 1; lastKnownFileType = text.xcconfig; name = "Pods-EOS Standards.debug.xcconfig"; path = "Target Support Files/Pods-EOS Standards/Pods-EOS Standards.debug.xcconfig"; sourceTree = "<group>"; };
		3094F081B2365BD391B84C3A /* Pods-EOS Standards.release.xcconfig */ = {isa = PBXFileReference; includeInIndex = 1; lastKnownFileType = text.xcconfig; name = "Pods-EOS Standards.release.xcconfig"; path = "Target Support Files/Pods-EOS Standards/Pods-EOS Standards.release.xcconfig"; sourceTree = "<group>"; };
		6218D9BE2386A294003772A1 /* cardViewController.swift */ = {isa = PBXFileReference; lastKnownFileType = sourcecode.swift; path = cardViewController.swift; sourceTree = "<group>"; };
		621F1C74233B583100B0D2F5 /* EOS Standards.app */ = {isa = PBXFileReference; explicitFileType = wrapper.application; includeInIndex = 0; path = "EOS Standards.app"; sourceTree = BUILT_PRODUCTS_DIR; };
		621F1C77233B583100B0D2F5 /* AppDelegate.swift */ = {isa = PBXFileReference; lastKnownFileType = sourcecode.swift; path = AppDelegate.swift; sourceTree = "<group>"; };
		621F1C79233B583100B0D2F5 /* SceneDelegate.swift */ = {isa = PBXFileReference; lastKnownFileType = sourcecode.swift; path = SceneDelegate.swift; sourceTree = "<group>"; };
		621F1C7B233B583100B0D2F5 /* ViewController.swift */ = {isa = PBXFileReference; lastKnownFileType = sourcecode.swift; path = ViewController.swift; sourceTree = "<group>"; };
		621F1C7E233B583100B0D2F5 /* Base */ = {isa = PBXFileReference; lastKnownFileType = file.storyboard; name = Base; path = Base.lproj/Main.storyboard; sourceTree = "<group>"; };
		621F1C81233B583100B0D2F5 /* EOS_Standards.xcdatamodel */ = {isa = PBXFileReference; lastKnownFileType = wrapper.xcdatamodel; path = EOS_Standards.xcdatamodel; sourceTree = "<group>"; };
		621F1C83233B583400B0D2F5 /* Assets.xcassets */ = {isa = PBXFileReference; lastKnownFileType = folder.assetcatalog; path = Assets.xcassets; sourceTree = "<group>"; };
		621F1C86233B583400B0D2F5 /* Base */ = {isa = PBXFileReference; lastKnownFileType = file.storyboard; name = Base; path = Base.lproj/LaunchScreen.storyboard; sourceTree = "<group>"; };
		621F1C88233B583400B0D2F5 /* Info.plist */ = {isa = PBXFileReference; lastKnownFileType = text.plist.xml; path = Info.plist; sourceTree = "<group>"; };
		621F1C91233B62B100B0D2F5 /* GoogleService-Info.plist */ = {isa = PBXFileReference; fileEncoding = 4; lastKnownFileType = text.plist.xml; path = "GoogleService-Info.plist"; sourceTree = "<group>"; };
		621F1C93233B638E00B0D2F5 /* rr.png */ = {isa = PBXFileReference; lastKnownFileType = image.png; name = rr.png; path = "/Users/garethcollins/Desktop/EOS Standards/EOS Standards/rr.png"; sourceTree = "<absolute>"; };
		621F1C94233B656200B0D2F5 /* LogInViewController.swift */ = {isa = PBXFileReference; lastKnownFileType = sourcecode.swift; path = LogInViewController.swift; sourceTree = "<group>"; };
		621F1C96233B69C300B0D2F5 /* registerViewController.swift */ = {isa = PBXFileReference; lastKnownFileType = sourcecode.swift; path = registerViewController.swift; sourceTree = "<group>"; };
		621F1C99233B6D4C00B0D2F5 /* furnitureViewController.swift */ = {isa = PBXFileReference; lastKnownFileType = sourcecode.swift; path = furnitureViewController.swift; sourceTree = "<group>"; };
		621F1CA2233B792700B0D2F5 /* DetailFurnitureViewController.swift */ = {isa = PBXFileReference; lastKnownFileType = sourcecode.swift; path = DetailFurnitureViewController.swift; sourceTree = "<group>"; };
		621F1CA4234C977800B0D2F5 /* EOS Standards.entitlements */ = {isa = PBXFileReference; lastKnownFileType = text.plist.entitlements; path = "EOS Standards.entitlements"; sourceTree = "<group>"; };
		624E9FE62386962A002D207F /* DoneViewController.swift */ = {isa = PBXFileReference; lastKnownFileType = sourcecode.swift; path = DoneViewController.swift; sourceTree = "<group>"; };
		B18E07F079163B41C1946F2C /* Pods_EOS_Standards.framework */ = {isa = PBXFileReference; explicitFileType = wrapper.framework; includeInIndex = 0; path = Pods_EOS_Standards.framework; sourceTree = BUILT_PRODUCTS_DIR; };
/* End PBXFileReference section */

/* Begin PBXFrameworksBuildPhase section */
		621F1C71233B583000B0D2F5 /* Frameworks */ = {
			isa = PBXFrameworksBuildPhase;
			buildActionMask = 2147483647;
			files = (
				DD35F13C6ACC91AADA55F5F0 /* Pods_EOS_Standards.framework in Frameworks */,
			);
			runOnlyForDeploymentPostprocessing = 0;
		};
/* End PBXFrameworksBuildPhase section */

/* Begin PBXGroup section */
		621F1C6B233B583000B0D2F5 = {
			isa = PBXGroup;
			children = (
				621F1C76233B583100B0D2F5 /* EOS Standards */,
				621F1C75233B583100B0D2F5 /* Products */,
				7B9FEFDD89824E031EEF155F /* Pods */,
				80B1176975C154991C2EB986 /* Frameworks */,
			);
			sourceTree = "<group>";
		};
		621F1C75233B583100B0D2F5 /* Products */ = {
			isa = PBXGroup;
			children = (
				621F1C74233B583100B0D2F5 /* EOS Standards.app */,
			);
			name = Products;
			sourceTree = "<group>";
		};
		621F1C76233B583100B0D2F5 /* EOS Standards */ = {
			isa = PBXGroup;
			children = (
				621F1C7D233B583100B0D2F5 /* Main.storyboard */,
				624E9FE523856020002D207F /* Models */,
				621F1C98233B6C6F00B0D2F5 /* Login and Registry */,
				621F1CA1233B6D9500B0D2F5 /* areaSelected */,
				621F1C83233B583400B0D2F5 /* Assets.xcassets */,
				621F1CA4234C977800B0D2F5 /* EOS Standards.entitlements */,
				621F1C77233B583100B0D2F5 /* AppDelegate.swift */,
				621F1C79233B583100B0D2F5 /* SceneDelegate.swift */,
				621F1C85233B583400B0D2F5 /* LaunchScreen.storyboard */,
				621F1C88233B583400B0D2F5 /* Info.plist */,
				621F1C80233B583100B0D2F5 /* EOS_Standards.xcdatamodeld */,
				621F1C91233B62B100B0D2F5 /* GoogleService-Info.plist */,
				621F1C93233B638E00B0D2F5 /* rr.png */,
			);
			path = "EOS Standards";
			sourceTree = "<group>";
		};
		621F1C98233B6C6F00B0D2F5 /* Login and Registry */ = {
			isa = PBXGroup;
			children = (
				621F1C94233B656200B0D2F5 /* LogInViewController.swift */,
				621F1C96233B69C300B0D2F5 /* registerViewController.swift */,
				621F1C7B233B583100B0D2F5 /* ViewController.swift */,
			);
			path = "Login and Registry";
			sourceTree = "<group>";
		};
		621F1CA1233B6D9500B0D2F5 /* areaSelected */ = {
			isa = PBXGroup;
			children = (
				621F1C99233B6D4C00B0D2F5 /* furnitureViewController.swift */,
				621F1CA2233B792700B0D2F5 /* DetailFurnitureViewController.swift */,
				624E9FE62386962A002D207F /* DoneViewController.swift */,
				6218D9BE2386A294003772A1 /* cardViewController.swift */,
			);
			path = areaSelected;
			sourceTree = "<group>";
		};
		624E9FE523856020002D207F /* Models */ = {
			isa = PBXGroup;
			children = (
			);
			path = Models;
			sourceTree = "<group>";
		};
		7B9FEFDD89824E031EEF155F /* Pods */ = {
			isa = PBXGroup;
			children = (
				2ACB19B16EC6C9CE76E14C1F /* Pods-EOS Standards.debug.xcconfig */,
				3094F081B2365BD391B84C3A /* Pods-EOS Standards.release.xcconfig */,
			);
			path = Pods;
			sourceTree = "<group>";
		};
		80B1176975C154991C2EB986 /* Frameworks */ = {
			isa = PBXGroup;
			children = (
				B18E07F079163B41C1946F2C /* Pods_EOS_Standards.framework */,
			);
			name = Frameworks;
			sourceTree = "<group>";
		};
/* End PBXGroup section */

/* Begin PBXNativeTarget section */
		621F1C73233B583000B0D2F5 /* EOS Standards */ = {
			isa = PBXNativeTarget;
			buildConfigurationList = 621F1C8B233B583400B0D2F5 /* Build configuration list for PBXNativeTarget "EOS Standards" */;
			buildPhases = (
				4B0DE92C7E5080F351DF94D1 /* [CP] Check Pods Manifest.lock */,
				621F1C70233B583000B0D2F5 /* Sources */,
				621F1C71233B583000B0D2F5 /* Frameworks */,
				621F1C72233B583000B0D2F5 /* Resources */,
				CE3C860AD0DA3E4E17A00185 /* [CP] Embed Pods Frameworks */,
			);
			buildRules = (
			);
			dependencies = (
			);
			name = "EOS Standards";
			productName = "EOS Standards";
			productReference = 621F1C74233B583100B0D2F5 /* EOS Standards.app */;
			productType = "com.apple.product-type.application";
		};
/* End PBXNativeTarget section */

/* Begin PBXProject section */
		621F1C6C233B583000B0D2F5 /* Project object */ = {
			isa = PBXProject;
			attributes = {
				LastSwiftUpdateCheck = 1100;
				LastUpgradeCheck = 1100;
				ORGANIZATIONNAME = "Gareth Collins";
				TargetAttributes = {
					621F1C73233B583000B0D2F5 = {
						CreatedOnToolsVersion = 11.0;
					};
				};
			};
			buildConfigurationList = 621F1C6F233B583000B0D2F5 /* Build configuration list for PBXProject "EOS Standards" */;
			compatibilityVersion = "Xcode 9.3";
			developmentRegion = en;
			hasScannedForEncodings = 0;
			knownRegions = (
				en,
				Base,
			);
			mainGroup = 621F1C6B233B583000B0D2F5;
			productRefGroup = 621F1C75233B583100B0D2F5 /* Products */;
			projectDirPath = "";
			projectRoot = "";
			targets = (
				621F1C73233B583000B0D2F5 /* EOS Standards */,
			);
		};
/* End PBXProject section */

/* Begin PBXResourcesBuildPhase section */
		621F1C72233B583000B0D2F5 /* Resources */ = {
			isa = PBXResourcesBuildPhase;
			buildActionMask = 2147483647;
			files = (
				621F1C87233B583400B0D2F5 /* LaunchScreen.storyboard in Resources */,
				621F1C92233B62B100B0D2F5 /* GoogleService-Info.plist in Resources */,
				621F1C84233B583400B0D2F5 /* Assets.xcassets in Resources */,
				621F1C7F233B583100B0D2F5 /* Main.storyboard in Resources */,
			);
			runOnlyForDeploymentPostprocessing = 0;
		};
/* End PBXResourcesBuildPhase section */

/* Begin PBXShellScriptBuildPhase section */
		4B0DE92C7E5080F351DF94D1 /* [CP] Check Pods Manifest.lock */ = {
			isa = PBXShellScriptBuildPhase;
			buildActionMask = 2147483647;
			files = (
			);
			inputFileListPaths = (
			);
			inputPaths = (
				"${PODS_PODFILE_DIR_PATH}/Podfile.lock",
				"${PODS_ROOT}/Manifest.lock",
			);
			name = "[CP] Check Pods Manifest.lock";
			outputFileListPaths = (
			);
			outputPaths = (
				"$(DERIVED_FILE_DIR)/Pods-EOS Standards-checkManifestLockResult.txt",
			);
			runOnlyForDeploymentPostprocessing = 0;
			shellPath = /bin/sh;
			shellScript = "diff \"${PODS_PODFILE_DIR_PATH}/Podfile.lock\" \"${PODS_ROOT}/Manifest.lock\" > /dev/null\nif [ $? != 0 ] ; then\n    # print error to STDERR\n    echo \"error: The sandbox is not in sync with the Podfile.lock. Run 'pod install' or update your CocoaPods installation.\" >&2\n    exit 1\nfi\n# This output is used by Xcode 'outputs' to avoid re-running this script phase.\necho \"SUCCESS\" > \"${SCRIPT_OUTPUT_FILE_0}\"\n";
			showEnvVarsInLog = 0;
		};
		CE3C860AD0DA3E4E17A00185 /* [CP] Embed Pods Frameworks */ = {
			isa = PBXShellScriptBuildPhase;
			buildActionMask = 2147483647;
			files = (
			);
			inputFileListPaths = (
				"${PODS_ROOT}/Target Support Files/Pods-EOS Standards/Pods-EOS Standards-frameworks-${CONFIGURATION}-input-files.xcfilelist",
			);
			name = "[CP] Embed Pods Frameworks";
			outputFileListPaths = (
				"${PODS_ROOT}/Target Support Files/Pods-EOS Standards/Pods-EOS Standards-frameworks-${CONFIGURATION}-output-files.xcfilelist",
			);
			runOnlyForDeploymentPostprocessing = 0;
			shellPath = /bin/sh;
			shellScript = "\"${PODS_ROOT}/Target Support Files/Pods-EOS Standards/Pods-EOS Standards-frameworks.sh\"\n";
			showEnvVarsInLog = 0;
		};
/* End PBXShellScriptBuildPhase section */

/* Begin PBXSourcesBuildPhase section */
		621F1C70233B583000B0D2F5 /* Sources */ = {
			isa = PBXSourcesBuildPhase;
			buildActionMask = 2147483647;
			files = (
				621F1C82233B583100B0D2F5 /* EOS_Standards.xcdatamodeld in Sources */,
				621F1C7C233B583100B0D2F5 /* ViewController.swift in Sources */,
				621F1C78233B583100B0D2F5 /* AppDelegate.swift in Sources */,
				621F1C97233B69C300B0D2F5 /* registerViewController.swift in Sources */,
				621F1C9A233B6D4C00B0D2F5 /* furnitureViewController.swift in Sources */,
				621F1C95233B656200B0D2F5 /* LogInViewController.swift in Sources */,
				6218D9BF2386A294003772A1 /* cardViewController.swift in Sources */,
				621F1C7A233B583100B0D2F5 /* SceneDelegate.swift in Sources */,
				624E9FE72386962B002D207F /* DoneViewController.swift in Sources */,
				621F1CA3233B792700B0D2F5 /* DetailFurnitureViewController.swift in Sources */,
			);
			runOnlyForDeploymentPostprocessing = 0;
		};
/* End PBXSourcesBuildPhase section */

/* Begin PBXVariantGroup section */
		621F1C7D233B583100B0D2F5 /* Main.storyboard */ = {
			isa = PBXVariantGroup;
			children = (
				621F1C7E233B583100B0D2F5 /* Base */,
			);
			name = Main.storyboard;
			sourceTree = "<group>";
		};
		621F1C85233B583400B0D2F5 /* LaunchScreen.storyboard */ = {
			isa = PBXVariantGroup;
			children = (
				621F1C86233B583400B0D2F5 /* Base */,
			);
			name = LaunchScreen.storyboard;
			sourceTree = "<group>";
		};
/* End PBXVariantGroup section */

/* Begin XCBuildConfiguration section */
		621F1C89233B583400B0D2F5 /* Debug */ = {
			isa = XCBuildConfiguration;
			buildSettings = {
				ALWAYS_SEARCH_USER_PATHS = NO;
				CLANG_ANALYZER_NONNULL = YES;
				CLANG_ANALYZER_NUMBER_OBJECT_CONVERSION = YES_AGGRESSIVE;
				CLANG_CXX_LANGUAGE_STANDARD = "gnu++14";
				CLANG_CXX_LIBRARY = "libc++";
				CLANG_ENABLE_MODULES = YES;
				CLANG_ENABLE_OBJC_ARC = YES;
				CLANG_ENABLE_OBJC_WEAK = YES;
				CLANG_WARN_BLOCK_CAPTURE_AUTORELEASING = YES;
				CLANG_WARN_BOOL_CONVERSION = YES;
				CLANG_WARN_COMMA = YES;
				CLANG_WARN_CONSTANT_CONVERSION = YES;
				CLANG_WARN_DEPRECATED_OBJC_IMPLEMENTATIONS = YES;
				CLANG_WARN_DIRECT_OBJC_ISA_USAGE = YES_ERROR;
				CLANG_WARN_DOCUMENTATION_COMMENTS = YES;
				CLANG_WARN_EMPTY_BODY = YES;
				CLANG_WARN_ENUM_CONVERSION = YES;
				CLANG_WARN_INFINITE_RECURSION = YES;
				CLANG_WARN_INT_CONVERSION = YES;
				CLANG_WARN_NON_LITERAL_NULL_CONVERSION = YES;
				CLANG_WARN_OBJC_IMPLICIT_RETAIN_SELF = YES;
				CLANG_WARN_OBJC_LITERAL_CONVERSION = YES;
				CLANG_WARN_OBJC_ROOT_CLASS = YES_ERROR;
				CLANG_WARN_RANGE_LOOP_ANALYSIS = YES;
				CLANG_WARN_STRICT_PROTOTYPES = YES;
				CLANG_WARN_SUSPICIOUS_MOVE = YES;
				CLANG_WARN_UNGUARDED_AVAILABILITY = YES_AGGRESSIVE;
				CLANG_WARN_UNREACHABLE_CODE = YES;
				CLANG_WARN__DUPLICATE_METHOD_MATCH = YES;
				COPY_PHASE_STRIP = NO;
				DEBUG_INFORMATION_FORMAT = dwarf;
				ENABLE_STRICT_OBJC_MSGSEND = YES;
				ENABLE_TESTABILITY = YES;
				GCC_C_LANGUAGE_STANDARD = gnu11;
				GCC_DYNAMIC_NO_PIC = NO;
				GCC_NO_COMMON_BLOCKS = YES;
				GCC_OPTIMIZATION_LEVEL = 0;
				GCC_PREPROCESSOR_DEFINITIONS = (
					"DEBUG=1",
					"$(inherited)",
				);
				GCC_WARN_64_TO_32_BIT_CONVERSION = YES;
				GCC_WARN_ABOUT_RETURN_TYPE = YES_ERROR;
				GCC_WARN_UNDECLARED_SELECTOR = YES;
				GCC_WARN_UNINITIALIZED_AUTOS = YES_AGGRESSIVE;
				GCC_WARN_UNUSED_FUNCTION = YES;
				GCC_WARN_UNUSED_VARIABLE = YES;
				IPHONEOS_DEPLOYMENT_TARGET = 13.0;
				MTL_ENABLE_DEBUG_INFO = INCLUDE_SOURCE;
				MTL_FAST_MATH = YES;
				ONLY_ACTIVE_ARCH = YES;
				SDKROOT = iphoneos;
				SWIFT_ACTIVE_COMPILATION_CONDITIONS = DEBUG;
				SWIFT_OPTIMIZATION_LEVEL = "-Onone";
			};
			name = Debug;
		};
		621F1C8A233B583400B0D2F5 /* Release */ = {
			isa = XCBuildConfiguration;
			buildSettings = {
				ALWAYS_SEARCH_USER_PATHS = NO;
				CLANG_ANALYZER_NONNULL = YES;
				CLANG_ANALYZER_NUMBER_OBJECT_CONVERSION = YES_AGGRESSIVE;
				CLANG_CXX_LANGUAGE_STANDARD = "gnu++14";
				CLANG_CXX_LIBRARY = "libc++";
				CLANG_ENABLE_MODULES = YES;
				CLANG_ENABLE_OBJC_ARC = YES;
				CLANG_ENABLE_OBJC_WEAK = YES;
				CLANG_WARN_BLOCK_CAPTURE_AUTORELEASING = YES;
				CLANG_WARN_BOOL_CONVERSION = YES;
				CLANG_WARN_COMMA = YES;
				CLANG_WARN_CONSTANT_CONVERSION = YES;
				CLANG_WARN_DEPRECATED_OBJC_IMPLEMENTATIONS = YES;
				CLANG_WARN_DIRECT_OBJC_ISA_USAGE = YES_ERROR;
				CLANG_WARN_DOCUMENTATION_COMMENTS = YES;
				CLANG_WARN_EMPTY_BODY = YES;
				CLANG_WARN_ENUM_CONVERSION = YES;
				CLANG_WARN_INFINITE_RECURSION = YES;
				CLANG_WARN_INT_CONVERSION = YES;
				CLANG_WARN_NON_LITERAL_NULL_CONVERSION = YES;
				CLANG_WARN_OBJC_IMPLICIT_RETAIN_SELF = YES;
				CLANG_WARN_OBJC_LITERAL_CONVERSION = YES;
				CLANG_WARN_OBJC_ROOT_CLASS = YES_ERROR;
				CLANG_WARN_RANGE_LOOP_ANALYSIS = YES;
				CLANG_WARN_STRICT_PROTOTYPES = YES;
				CLANG_WARN_SUSPICIOUS_MOVE = YES;
				CLANG_WARN_UNGUARDED_AVAILABILITY = YES_AGGRESSIVE;
				CLANG_WARN_UNREACHABLE_CODE = YES;
				CLANG_WARN__DUPLICATE_METHOD_MATCH = YES;
				COPY_PHASE_STRIP = NO;
				DEBUG_INFORMATION_FORMAT = "dwarf-with-dsym";
				ENABLE_NS_ASSERTIONS = NO;
				ENABLE_STRICT_OBJC_MSGSEND = YES;
				GCC_C_LANGUAGE_STANDARD = gnu11;
				GCC_NO_COMMON_BLOCKS = YES;
				GCC_WARN_64_TO_32_BIT_CONVERSION = YES;
				GCC_WARN_ABOUT_RETURN_TYPE = YES_ERROR;
				GCC_WARN_UNDECLARED_SELECTOR = YES;
				GCC_WARN_UNINITIALIZED_AUTOS = YES_AGGRESSIVE;
				GCC_WARN_UNUSED_FUNCTION = YES;
				GCC_WARN_UNUSED_VARIABLE = YES;
				IPHONEOS_DEPLOYMENT_TARGET = 13.0;
				MTL_ENABLE_DEBUG_INFO = NO;
				MTL_FAST_MATH = YES;
				SDKROOT = iphoneos;
				SWIFT_COMPILATION_MODE = wholemodule;
				SWIFT_OPTIMIZATION_LEVEL = "-O";
				VALIDATE_PRODUCT = YES;
			};
			name = Release;
		};
		621F1C8C233B583400B0D2F5 /* Debug */ = {
			isa = XCBuildConfiguration;
			baseConfigurationReference = 2ACB19B16EC6C9CE76E14C1F /* Pods-EOS Standards.debug.xcconfig */;
			buildSettings = {
				ASSETCATALOG_COMPILER_APPICON_NAME = AppIcon;
				CODE_SIGN_ENTITLEMENTS = "EOS Standards/EOS Standards.entitlements";
				CODE_SIGN_STYLE = Automatic;
				DEVELOPMENT_TEAM = JNXD3RZ8DN;
				INFOPLIST_FILE = "EOS Standards/Info.plist";
				LD_RUNPATH_SEARCH_PATHS = (
					"$(inherited)",
					"@executable_path/Frameworks",
				);
				PRODUCT_BUNDLE_IDENTIFIER = "EOS.EOS-Standards";
				PRODUCT_NAME = "$(TARGET_NAME)";
				SWIFT_VERSION = 5.0;
				TARGETED_DEVICE_FAMILY = 1;
			};
			name = Debug;
		};
		621F1C8D233B583400B0D2F5 /* Release */ = {
			isa = XCBuildConfiguration;
			baseConfigurationReference = 3094F081B2365BD391B84C3A /* Pods-EOS Standards.release.xcconfig */;
			buildSettings = {
				ASSETCATALOG_COMPILER_APPICON_NAME = AppIcon;
				CODE_SIGN_ENTITLEMENTS = "EOS Standards/EOS Standards.entitlements";
				CODE_SIGN_STYLE = Automatic;
				DEVELOPMENT_TEAM = JNXD3RZ8DN;
				INFOPLIST_FILE = "EOS Standards/Info.plist";
				LD_RUNPATH_SEARCH_PATHS = (
					"$(inherited)",
					"@executable_path/Frameworks",
				);
				PRODUCT_BUNDLE_IDENTIFIER = "EOS.EOS-Standards";
				PRODUCT_NAME = "$(TARGET_NAME)";
				SWIFT_VERSION = 5.0;
				TARGETED_DEVICE_FAMILY = 1;
			};
			name = Release;
		};
/* End XCBuildConfiguration section */

/* Begin XCConfigurationList section */
		621F1C6F233B583000B0D2F5 /* Build configuration list for PBXProject "EOS Standards" */ = {
			isa = XCConfigurationList;
			buildConfigurations = (
				621F1C89233B583400B0D2F5 /* Debug */,
				621F1C8A233B583400B0D2F5 /* Release */,
			);
			defaultConfigurationIsVisible = 0;
			defaultConfigurationName = Release;
		};
		621F1C8B233B583400B0D2F5 /* Build configuration list for PBXNativeTarget "EOS Standards" */ = {
			isa = XCConfigurationList;
			buildConfigurations = (
				621F1C8C233B583400B0D2F5 /* Debug */,
				621F1C8D233B583400B0D2F5 /* Release */,
			);
			defaultConfigurationIsVisible = 0;
			defaultConfigurationName = Release;
		};
/* End XCConfigurationList section */

/* Begin XCVersionGroup section */
		621F1C80233B583100B0D2F5 /* EOS_Standards.xcdatamodeld */ = {
			isa = XCVersionGroup;
			children = (
				621F1C81233B583100B0D2F5 /* EOS_Standards.xcdatamodel */,
			);
			currentVersion = 621F1C81233B583100B0D2F5 /* EOS_Standards.xcdatamodel */;
			path = EOS_Standards.xcdatamodeld;
			sourceTree = "<group>";
			versionGroupType = wrapper.xcdatamodel;
		};
/* End XCVersionGroup section */
	};
	rootObject = 621F1C6C233B583000B0D2F5 /* Project object */;
}
